
Microsoft Visual Studio Solution File, Format Version 12.00
# Visual Studio 14
VisualStudioVersion = 14.0.25123.0
MinimumVisualStudioVersion = 10.0.40219.1
Project("{FAE04EC0-301F-11D3-BF4B-00C04F79EFBC}") = "XkcdViewer", "XkcdViewer\XkcdViewer.csproj", "{AD7F8370-EEAA-4F70-9E6F-0A14962D61E0}"
EndProject
Project("{FAE04EC0-301F-11D3-BF4B-00C04F79EFBC}") = "XkcdViewer.Droid", "Droid\XkcdViewer.Droid.csproj", "{143F0B3B-EEF9-47D3-AE9D-0261E46FC779}"
EndProject
Project("{FAE04EC0-301F-11D3-BF4B-00C04F79EFBC}") = "XkcdViewer.iOS", "XkcdViewer.iOS\XkcdViewer.iOS.csproj", "{1346F3A3-23AC-4DD9-AA87-CE339EE17217}"
EndProject
Global
	GlobalSection(SolutionConfigurationPlatforms) = preSolution
		Ad-Hoc|Any CPU = Ad-Hoc|Any CPU
		Ad-Hoc|ARM = Ad-Hoc|ARM
		Ad-Hoc|iPhone = Ad-Hoc|iPhone
		Ad-Hoc|iPhoneSimulator = Ad-Hoc|iPhoneSimulator
		Ad-Hoc|x64 = Ad-Hoc|x64
		Ad-Hoc|x86 = Ad-Hoc|x86
		AppStore|Any CPU = AppStore|Any CPU
		AppStore|ARM = AppStore|ARM
		AppStore|iPhone = AppStore|iPhone
		AppStore|iPhoneSimulator = AppStore|iPhoneSimulator
		AppStore|x64 = AppStore|x64
		AppStore|x86 = AppStore|x86
		Debug|Any CPU = Debug|Any CPU
		Debug|ARM = Debug|ARM
		Debug|iPhone = Debug|iPhone
		Debug|iPhoneSimulator = Debug|iPhoneSimulator
		Debug|x64 = Debug|x64
		Debug|x86 = Debug|x86
		Release|Any CPU = Release|Any CPU
		Release|ARM = Release|ARM
		Release|iPhone = Release|iPhone
		Release|iPhoneSimulator = Release|iPhoneSimulator
		Release|x64 = Release|x64
		Release|x86 = Release|x86
	EndGlobalSection
	GlobalSection(ProjectConfigurationPlatforms) = postSolution
		{AD7F8370-EEAA-4F70-9E6F-0A14962D61E0}.Ad-Hoc|Any CPU.ActiveCfg = Release|Any CPU
		{AD7F8370-EEAA-4F70-9E6F-0A14962D61E0}.Ad-Hoc|Any CPU.Build.0 = Release|Any CPU
		{AD7F8370-EEAA-4F70-9E6F-0A14962D61E0}.Ad-Hoc|ARM.ActiveCfg = Release|Any CPU
		{AD7F8370-EEAA-4F70-9E6F-0A14962D61E0}.Ad-Hoc|ARM.Build.0 = Release|Any CPU
		{AD7F8370-EEAA-4F70-9E6F-0A14962D61E0}.Ad-Hoc|iPhone.ActiveCfg = Release|Any CPU
		{AD7F8370-EEAA-4F70-9E6F-0A14962D61E0}.Ad-Hoc|iPhone.Build.0 = Release|Any CPU
		{AD7F8370-EEAA-4F70-9E6F-0A14962D61E0}.Ad-Hoc|iPhoneSimulator.ActiveCfg = Release|Any CPU
		{AD7F8370-EEAA-4F70-9E6F-0A14962D61E0}.Ad-Hoc|iPhoneSimulator.Build.0 = Release|Any CPU
		{AD7F8370-EEAA-4F70-9E6F-0A14962D61E0}.Ad-Hoc|x64.ActiveCfg = Release|Any CPU
		{AD7F8370-EEAA-4F70-9E6F-0A14962D61E0}.Ad-Hoc|x64.Build.0 = Release|Any CPU
		{AD7F8370-EEAA-4F70-9E6F-0A14962D61E0}.Ad-Hoc|x86.ActiveCfg = Release|Any CPU
		{AD7F8370-EEAA-4F70-9E6F-0A14962D61E0}.Ad-Hoc|x86.Build.0 = Release|Any CPU
		{AD7F8370-EEAA-4F70-9E6F-0A14962D61E0}.AppStore|Any CPU.ActiveCfg = Release|Any CPU
		{AD7F8370-EEAA-4F70-9E6F-0A14962D61E0}.AppStore|Any CPU.Build.0 = Release|Any CPU
		{AD7F8370-EEAA-4F70-9E6F-0A14962D61E0}.AppStore|ARM.ActiveCfg = Release|Any CPU
		{AD7F8370-EEAA-4F70-9E6F-0A14962D61E0}.AppStore|ARM.Build.0 = Release|Any CPU
		{AD7F8370-EEAA-4F70-9E6F-0A14962D61E0}.AppStore|iPhone.ActiveCfg = Release|Any CPU
		{AD7F8370-EEAA-4F70-9E6F-0A14962D61E0}.AppStore|iPhone.Build.0 = Release|Any CPU
		{AD7F8370-EEAA-4F70-9E6F-0A14962D61E0}.AppStore|iPhoneSimulator.ActiveCfg = Release|Any CPU
		{AD7F8370-EEAA-4F70-9E6F-0A14962D61E0}.AppStore|iPhoneSimulator.Build.0 = Release|Any CPU
		{AD7F8370-EEAA-4F70-9E6F-0A14962D61E0}.AppStore|x64.ActiveCfg = Release|Any CPU
		{AD7F8370-EEAA-4F70-9E6F-0A14962D61E0}.AppStore|x64.Build.0 = Release|Any CPU
		{AD7F8370-EEAA-4F70-9E6F-0A14962D61E0}.AppStore|x86.ActiveCfg = Release|Any CPU
		{AD7F8370-EEAA-4F70-9E6F-0A14962D61E0}.AppStore|x86.Build.0 = Release|Any CPU
		{AD7F8370-EEAA-4F70-9E6F-0A14962D61E0}.Debug|Any CPU.ActiveCfg = Debug|Any CPU
		{AD7F8370-EEAA-4F70-9E6F-0A14962D61E0}.Debug|Any CPU.Build.0 = Debug|Any CPU
		{AD7F8370-EEAA-4F70-9E6F-0A14962D61E0}.Debug|ARM.ActiveCfg = Debug|Any CPU
		{AD7F8370-EEAA-4F70-9E6F-0A14962D61E0}.Debug|ARM.Build.0 = Debug|Any CPU
		{AD7F8370-EEAA-4F70-9E6F-0A14962D61E0}.Debug|iPhone.ActiveCfg = Debug|Any CPU
		{AD7F8370-EEAA-4F70-9E6F-0A14962D61E0}.Debug|iPhone.Build.0 = Debug|Any CPU
		{AD7F8370-EEAA-4F70-9E6F-0A14962D61E0}.Debug|iPhoneSimulator.ActiveCfg = Debug|Any CPU
		{AD7F8370-EEAA-4F70-9E6F-0A14962D61E0}.Debug|iPhoneSimulator.Build.0 = Debug|Any CPU
		{AD7F8370-EEAA-4F70-9E6F-0A14962D61E0}.Debug|x64.ActiveCfg = Debug|Any CPU
		{AD7F8370-EEAA-4F70-9E6F-0A14962D61E0}.Debug|x64.Build.0 = Debug|Any CPU
		{AD7F8370-EEAA-4F70-9E6F-0A14962D61E0}.Debug|x86.ActiveCfg = Debug|Any CPU
		{AD7F8370-EEAA-4F70-9E6F-0A14962D61E0}.Debug|x86.Build.0 = Debug|Any CPU
		{AD7F8370-EEAA-4F70-9E6F-0A14962D61E0}.Release|Any CPU.ActiveCfg = Release|Any CPU
		{AD7F8370-EEAA-4F70-9E6F-0A14962D61E0}.Release|Any CPU.Build.0 = Release|Any CPU
		{AD7F8370-EEAA-4F70-9E6F-0A14962D61E0}.Release|ARM.ActiveCfg = Release|Any CPU
		{AD7F8370-EEAA-4F70-9E6F-0A14962D61E0}.Release|ARM.Build.0 = Release|Any CPU
		{AD7F8370-EEAA-4F70-9E6F-0A14962D61E0}.Release|iPhone.ActiveCfg = Release|Any CPU
		{AD7F8370-EEAA-4F70-9E6F-0A14962D61E0}.Release|iPhone.Build.0 = Release|Any CPU
		{AD7F8370-EEAA-4F70-9E6F-0A14962D61E0}.Release|iPhoneSimulator.ActiveCfg = Release|Any CPU
		{AD7F8370-EEAA-4F70-9E6F-0A14962D61E0}.Release|iPhoneSimulator.Build.0 = Release|Any CPU
		{AD7F8370-EEAA-4F70-9E6F-0A14962D61E0}.Release|x64.ActiveCfg = Release|Any CPU
		{AD7F8370-EEAA-4F70-9E6F-0A14962D61E0}.Release|x64.Build.0 = Release|Any CPU
		{AD7F8370-EEAA-4F70-9E6F-0A14962D61E0}.Release|x86.ActiveCfg = Release|Any CPU
		{AD7F8370-EEAA-4F70-9E6F-0A14962D61E0}.Release|x86.Build.0 = Release|Any CPU
		{143F0B3B-EEF9-47D3-AE9D-0261E46FC779}.Ad-Hoc|Any CPU.ActiveCfg = Release|Any CPU
		{143F0B3B-EEF9-47D3-AE9D-0261E46FC779}.Ad-Hoc|Any CPU.Build.0 = Release|Any CPU
		{143F0B3B-EEF9-47D3-AE9D-0261E46FC779}.Ad-Hoc|Any CPU.Deploy.0 = Release|Any CPU
		{143F0B3B-EEF9-47D3-AE9D-0261E46FC779}.Ad-Hoc|ARM.ActiveCfg = Release|Any CPU
		{143F0B3B-EEF9-47D3-AE9D-0261E46FC779}.Ad-Hoc|ARM.Build.0 = Release|Any CPU
		{143F0B3B-EEF9-47D3-AE9D-0261E46FC779}.Ad-Hoc|ARM.Deploy.0 = Release|Any CPU
		{143F0B3B-EEF9-47D3-AE9D-0261E46FC779}.Ad-Hoc|iPhone.ActiveCfg = Release|Any CPU
		{143F0B3B-EEF9-47D3-AE9D-0261E46FC779}.Ad-Hoc|iPhone.Build.0 = Release|Any CPU
		{143F0B3B-EEF9-47D3-AE9D-0261E46FC779}.Ad-Hoc|iPhone.Deploy.0 = Release|Any CPU
		{143F0B3B-EEF9-47D3-AE9D-0261E46FC779}.Ad-Hoc|iPhoneSimulator.ActiveCfg = Release|Any CPU
		{143F0B3B-EEF9-47D3-AE9D-0261E46FC779}.Ad-Hoc|iPhoneSimulator.Build.0 = Release|Any CPU
		{143F0B3B-EEF9-47D3-AE9D-0261E46FC779}.Ad-Hoc|iPhoneSimulator.Deploy.0 = Release|Any CPU
		{143F0B3B-EEF9-47D3-AE9D-0261E46FC779}.Ad-Hoc|x64.ActiveCfg = Release|Any CPU
		{143F0B3B-EEF9-47D3-AE9D-0261E46FC779}.Ad-Hoc|x64.Build.0 = Release|Any CPU
		{143F0B3B-EEF9-47D3-AE9D-0261E46FC779}.Ad-Hoc|x64.Deploy.0 = Release|Any CPU
		{143F0B3B-EEF9-47D3-AE9D-0261E46FC779}.Ad-Hoc|x86.ActiveCfg = Release|Any CPU
		{143F0B3B-EEF9-47D3-AE9D-0261E46FC779}.Ad-Hoc|x86.Build.0 = Release|Any CPU
		{143F0B3B-EEF9-47D3-AE9D-0261E46FC779}.Ad-Hoc|x86.Deploy.0 = Release|Any CPU
		{143F0B3B-EEF9-47D3-AE9D-0261E46FC779}.AppStore|Any CPU.ActiveCfg = Release|Any CPU
		{143F0B3B-EEF9-47D3-AE9D-0261E46FC779}.AppStore|Any CPU.Build.0 = Release|Any CPU
		{143F0B3B-EEF9-47D3-AE9D-0261E46FC779}.AppStore|Any CPU.Deploy.0 = Release|Any CPU
		{143F0B3B-EEF9-47D3-AE9D-0261E46FC779}.AppStore|ARM.ActiveCfg = Release|Any CPU
		{143F0B3B-EEF9-47D3-AE9D-0261E46FC779}.AppStore|ARM.Build.0 = Release|Any CPU
		{143F0B3B-EEF9-47D3-AE9D-0261E46FC779}.AppStore|ARM.Deploy.0 = Release|Any CPU
		{143F0B3B-EEF9-47D3-AE9D-0261E46FC779}.AppStore|iPhone.ActiveCfg = Release|Any CPU
		{143F0B3B-EEF9-47D3-AE9D-0261E46FC779}.AppStore|iPhone.Build.0 = Release|Any CPU
		{143F0B3B-EEF9-47D3-AE9D-0261E46FC779}.AppStore|iPhone.Deploy.0 = Release|Any CPU
		{143F0B3B-EEF9-47D3-AE9D-0261E46FC779}.AppStore|iPhoneSimulator.ActiveCfg = Release|Any CPU
		{143F0B3B-EEF9-47D3-AE9D-0261E46FC779}.AppStore|iPhoneSimulator.Build.0 = Release|Any CPU
		{143F0B3B-EEF9-47D3-AE9D-0261E46FC779}.AppStore|iPhoneSimulator.Deploy.0 = Release|Any CPU
		{143F0B3B-EEF9-47D3-AE9D-0261E46FC779}.AppStore|x64.ActiveCfg = Release|Any CPU
		{143F0B3B-EEF9-47D3-AE9D-0261E46FC779}.AppStore|x64.Build.0 = Release|Any CPU
		{143F0B3B-EEF9-47D3-AE9D-0261E46FC779}.AppStore|x64.Deploy.0 = Release|Any CPU
		{143F0B3B-EEF9-47D3-AE9D-0261E46FC779}.AppStore|x86.ActiveCfg = Release|Any CPU
		{143F0B3B-EEF9-47D3-AE9D-0261E46FC779}.AppStore|x86.Build.0 = Release|Any CPU
		{143F0B3B-EEF9-47D3-AE9D-0261E46FC779}.AppStore|x86.Deploy.0 = Release|Any CPU
		{143F0B3B-EEF9-47D3-AE9D-0261E46FC779}.Debug|Any CPU.ActiveCfg = Debug|Any CPU
		{143F0B3B-EEF9-47D3-AE9D-0261E46FC779}.Debug|Any CPU.Build.0 = Debug|Any CPU
		{143F0B3B-EEF9-47D3-AE9D-0261E46FC779}.Debug|Any CPU.Deploy.0 = Debug|Any CPU
		{143F0B3B-EEF9-47D3-AE9D-0261E46FC779}.Debug|ARM.ActiveCfg = Debug|Any CPU
		{143F0B3B-EEF9-47D3-AE9D-0261E46FC779}.Debug|ARM.Build.0 = Debug|Any CPU
		{143F0B3B-EEF9-47D3-AE9D-0261E46FC779}.Debug|ARM.Deploy.0 = Debug|Any CPU
		{143F0B3B-EEF9-47D3-AE9D-0261E46FC779}.Debug|iPhone.ActiveCfg = Debug|Any CPU
		{143F0B3B-EEF9-47D3-AE9D-0261E46FC779}.Debug|iPhone.Build.0 = Debug|Any CPU
		{143F0B3B-EEF9-47D3-AE9D-0261E46FC779}.Debug|iPhone.Deploy.0 = Debug|Any CPU
		{143F0B3B-EEF9-47D3-AE9D-0261E46FC779}.Debug|iPhoneSimulator.ActiveCfg = Debug|Any CPU
		{143F0B3B-EEF9-47D3-AE9D-0261E46FC779}.Debug|iPhoneSimulator.Build.0 = Debug|Any CPU
		{143F0B3B-EEF9-47D3-AE9D-0261E46FC779}.Debug|iPhoneSimulator.Deploy.0 = Debug|Any CPU
		{143F0B3B-EEF9-47D3-AE9D-0261E46FC779}.Debug|x64.ActiveCfg = Debug|Any CPU
		{143F0B3B-EEF9-47D3-AE9D-0261E46FC779}.Debug|x64.Build.0 = Debug|Any CPU
		{143F0B3B-EEF9-47D3-AE9D-0261E46FC779}.Debug|x64.Deploy.0 = Debug|Any CPU
		{143F0B3B-EEF9-47D3-AE9D-0261E46FC779}.Debug|x86.ActiveCfg = Debug|Any CPU
		{143F0B3B-EEF9-47D3-AE9D-0261E46FC779}.Debug|x86.Build.0 = Debug|Any CPU
		{143F0B3B-EEF9-47D3-AE9D-0261E46FC779}.Debug|x86.Deploy.0 = Debug|Any CPU
		{143F0B3B-EEF9-47D3-AE9D-0261E46FC779}.Release|Any CPU.ActiveCfg = Release|Any CPU
		{143F0B3B-EEF9-47D3-AE9D-0261E46FC779}.Release|Any CPU.Build.0 = Release|Any CPU
		{143F0B3B-EEF9-47D3-AE9D-0261E46FC779}.Release|ARM.ActiveCfg = Release|Any CPU
		{143F0B3B-EEF9-47D3-AE9D-0261E46FC779}.Release|ARM.Build.0 = Release|Any CPU
		{143F0B3B-EEF9-47D3-AE9D-0261E46FC779}.Release|ARM.Deploy.0 = Release|Any CPU
		{143F0B3B-EEF9-47D3-AE9D-0261E46FC779}.Release|iPhone.ActiveCfg = Release|Any CPU
		{143F0B3B-EEF9-47D3-AE9D-0261E46FC779}.Release|iPhone.Build.0 = Release|Any CPU
		{143F0B3B-EEF9-47D3-AE9D-0261E46FC779}.Release|iPhone.Deploy.0 = Release|Any CPU
		{143F0B3B-EEF9-47D3-AE9D-0261E46FC779}.Release|iPhoneSimulator.ActiveCfg = Release|Any CPU
		{143F0B3B-EEF9-47D3-AE9D-0261E46FC779}.Release|iPhoneSimulator.Build.0 = Release|Any CPU
		{143F0B3B-EEF9-47D3-AE9D-0261E46FC779}.Release|iPhoneSimulator.Deploy.0 = Release|Any CPU
		{143F0B3B-EEF9-47D3-AE9D-0261E46FC779}.Release|x64.ActiveCfg = Release|Any CPU
		{143F0B3B-EEF9-47D3-AE9D-0261E46FC779}.Release|x64.Build.0 = Release|Any CPU
		{143F0B3B-EEF9-47D3-AE9D-0261E46FC779}.Release|x64.Deploy.0 = Release|Any CPU
		{143F0B3B-EEF9-47D3-AE9D-0261E46FC779}.Release|x86.ActiveCfg = Release|Any CPU
		{143F0B3B-EEF9-47D3-AE9D-0261E46FC779}.Release|x86.Build.0 = Release|Any CPU
		{143F0B3B-EEF9-47D3-AE9D-0261E46FC779}.Release|x86.Deploy.0 = Release|Any CPU
		{1346F3A3-23AC-4DD9-AA87-CE339EE17217}.Ad-Hoc|Any CPU.ActiveCfg = Ad-Hoc|iPhone
		{1346F3A3-23AC-4DD9-AA87-CE339EE17217}.Ad-Hoc|ARM.ActiveCfg = Ad-Hoc|iPhone
		{1346F3A3-23AC-4DD9-AA87-CE339EE17217}.Ad-Hoc|iPhone.ActiveCfg = Ad-Hoc|iPhone
		{1346F3A3-23AC-4DD9-AA87-CE339EE17217}.Ad-Hoc|iPhone.Build.0 = Ad-Hoc|iPhone
		{1346F3A3-23AC-4DD9-AA87-CE339EE17217}.Ad-Hoc|iPhoneSimulator.ActiveCfg = Ad-Hoc|iPhoneSimulator
		{1346F3A3-23AC-4DD9-AA87-CE339EE17217}.Ad-Hoc|iPhoneSimulator.Build.0 = Ad-Hoc|iPhoneSimulator
		{1346F3A3-23AC-4DD9-AA87-CE339EE17217}.Ad-Hoc|x64.ActiveCfg = Ad-Hoc|iPhone
		{1346F3A3-23AC-4DD9-AA87-CE339EE17217}.Ad-Hoc|x86.ActiveCfg = Ad-Hoc|iPhone
		{1346F3A3-23AC-4DD9-AA87-CE339EE17217}.AppStore|Any CPU.ActiveCfg = AppStore|iPhone
		{1346F3A3-23AC-4DD9-AA87-CE339EE17217}.AppStore|ARM.ActiveCfg = AppStore|iPhone
		{1346F3A3-23AC-4DD9-AA87-CE339EE17217}.AppStore|iPhone.ActiveCfg = AppStore|iPhone
		{1346F3A3-23AC-4DD9-AA87-CE339EE17217}.AppStore|iPhone.Build.0 = AppStore|iPhone
		{1346F3A3-23AC-4DD9-AA87-CE339EE17217}.AppStore|iPhoneSimulator.ActiveCfg = AppStore|iPhoneSimulator
		{1346F3A3-23AC-4DD9-AA87-CE339EE17217}.AppStore|iPhoneSimulator.Build.0 = AppStore|iPhoneSimulator
		{1346F3A3-23AC-4DD9-AA87-CE339EE17217}.AppStore|x64.ActiveCfg = AppStore|iPhone
		{1346F3A3-23AC-4DD9-AA87-CE339EE17217}.AppStore|x86.ActiveCfg = AppStore|iPhone
		{1346F3A3-23AC-4DD9-AA87-CE339EE17217}.Debug|Any CPU.ActiveCfg = Debug|iPhone
		{1346F3A3-23AC-4DD9-AA87-CE339EE17217}.Debug|ARM.ActiveCfg = Debug|iPhone
		{1346F3A3-23AC-4DD9-AA87-CE339EE17217}.Debug|iPhone.ActiveCfg = Debug|iPhone
		{1346F3A3-23AC-4DD9-AA87-CE339EE17217}.Debug|iPhone.Build.0 = Debug|iPhone
		{1346F3A3-23AC-4DD9-AA87-CE339EE17217}.Debug|iPhoneSimulator.ActiveCfg = Debug|iPhoneSimulator
		{1346F3A3-23AC-4DD9-AA87-CE339EE17217}.Debug|iPhoneSimulator.Build.0 = Debug|iPhoneSimulator
		{1346F3A3-23AC-4DD9-AA87-CE339EE17217}.Debug|x64.ActiveCfg = Debug|iPhone
		{1346F3A3-23AC-4DD9-AA87-CE339EE17217}.Debug|x86.ActiveCfg = Debug|iPhone
		{1346F3A3-23AC-4DD9-AA87-CE339EE17217}.Release|Any CPU.ActiveCfg = Release|iPhone
		{1346F3A3-23AC-4DD9-AA87-CE339EE17217}.Release|ARM.ActiveCfg = Release|iPhone
		{1346F3A3-23AC-4DD9-AA87-CE339EE17217}.Release|iPhone.ActiveCfg = Release|iPhone
		{1346F3A3-23AC-4DD9-AA87-CE339EE17217}.Release|iPhone.Build.0 = Release|iPhone
		{1346F3A3-23AC-4DD9-AA87-CE339EE17217}.Release|iPhoneSimulator.ActiveCfg = Release|iPhoneSimulator
		{1346F3A3-23AC-4DD9-AA87-CE339EE17217}.Release|iPhoneSimulator.Build.0 = Release|iPhoneSimulator
		{1346F3A3-23AC-4DD9-AA87-CE339EE17217}.Release|x64.ActiveCfg = Release|iPhone
		{1346F3A3-23AC-4DD9-AA87-CE339EE17217}.Release|x86.ActiveCfg = Release|iPhone
	EndGlobalSection
	GlobalSection(SolutionProperties) = preSolution
		HideSolutionNode = FALSE
	EndGlobalSection
EndGlobal
