
Microsoft Visual Studio Solution File, Format Version 12.00
# Visual Studio Version 17
VisualStudioVersion = 17.10.35027.167
MinimumVisualStudioVersion = 10.0.40219.1
Project("{FAE04EC0-301F-11D3-BF4B-00C04F79EFBC}") = "XkcdViewer.Maui", "XkcdViewer.Maui\XkcdViewer.Maui.csproj", "{5AC94D2A-E17D-4FEF-AB5B-67A079C53035}"
EndProject
Global
	GlobalSection(SolutionConfigurationPlatforms) = preSolution
		Debug|Any CPU = Debug|Any CPU
		Release|Any CPU = Release|Any CPU
	EndGlobalSection
	GlobalSection(ProjectConfigurationPlatforms) = postSolution
		{5AC94D2A-E17D-4FEF-AB5B-67A079C53035}.Debug|Any CPU.ActiveCfg = Debug|Any CPU
		{5AC94D2A-E17D-4FEF-AB5B-67A079C53035}.Debug|Any CPU.Build.0 = Debug|Any CPU
		{5AC94D2A-E17D-4FEF-AB5B-67A079C53035}.Debug|Any CPU.Deploy.0 = Debug|Any CPU
		{5AC94D2A-E17D-4FEF-AB5B-67A079C53035}.Release|Any CPU.ActiveCfg = Release|Any CPU
		{5AC94D2A-E17D-4FEF-AB5B-67A079C53035}.Release|Any CPU.Build.0 = Release|Any CPU
		{5AC94D2A-E17D-4FEF-AB5B-67A079C53035}.Release|Any CPU.Deploy.0 = Release|Any CPU
	EndGlobalSection
	GlobalSection(SolutionProperties) = preSolution
		HideSolutionNode = FALSE
	EndGlobalSection
	GlobalSection(ExtensibilityGlobals) = postSolution
		SolutionGuid = {A7DAF7EF-2EB6-4121-A881-339B53CE3ED0}
	EndGlobalSection
EndGlobal
