
Microsoft Visual Studio Solution File, Format Version 12.00
# Visual Studio Version 17
VisualStudioVersion = 17.5.33516.290
MinimumVisualStudioVersion = 10.0.40219.1
Project("{9A19103F-16F7-4668-BE54-9A1E7A4F7556}") = "XkcdViewer.Maui", "XkcdViewer.Maui\XkcdViewer.Maui.csproj", "{7D778248-264C-4B97-BA44-768351572C73}"
EndProject
Project("{FAE04EC0-301F-11D3-BF4B-00C04F79EFBC}") = "XkcdViewer.Common", "XkcdViewer.Common\XkcdViewer.Common.csproj", "{10BE09E7-D049-4D32-9E98-E7AD64A63B43}"
EndProject
Project("{FAE04EC0-301F-11D3-BF4B-00C04F79EFBC}") = "XkcdViewer.Windows", "XkcdViewer.Windows\XkcdViewer.Windows.csproj", "{9C79A8EB-6094-78B1-1E3D-2684B3DCA2D3}"
EndProject
Global
	GlobalSection(SolutionConfigurationPlatforms) = preSolution
		Ad-Hoc|Any CPU = Ad-Hoc|Any CPU
		Ad-Hoc|ARM = Ad-Hoc|ARM
		Ad-Hoc|ARM64 = Ad-Hoc|ARM64
		Ad-Hoc|iPhone = Ad-Hoc|iPhone
		Ad-Hoc|iPhoneSimulator = Ad-Hoc|iPhoneSimulator
		Ad-Hoc|x64 = Ad-Hoc|x64
		Ad-Hoc|x86 = Ad-Hoc|x86
		AppStore|Any CPU = AppStore|Any CPU
		AppStore|ARM = AppStore|ARM
		AppStore|ARM64 = AppStore|ARM64
		AppStore|iPhone = AppStore|iPhone
		AppStore|iPhoneSimulator = AppStore|iPhoneSimulator
		AppStore|x64 = AppStore|x64
		AppStore|x86 = AppStore|x86
		Debug|Any CPU = Debug|Any CPU
		Debug|ARM = Debug|ARM
		Debug|ARM64 = Debug|ARM64
		Debug|iPhone = Debug|iPhone
		Debug|iPhoneSimulator = Debug|iPhoneSimulator
		Debug|x64 = Debug|x64
		Debug|x86 = Debug|x86
		Release|Any CPU = Release|Any CPU
		Release|ARM = Release|ARM
		Release|ARM64 = Release|ARM64
		Release|iPhone = Release|iPhone
		Release|iPhoneSimulator = Release|iPhoneSimulator
		Release|x64 = Release|x64
		Release|x86 = Release|x86
	EndGlobalSection
	GlobalSection(ProjectConfigurationPlatforms) = postSolution
		{7D778248-264C-4B97-BA44-768351572C73}.Ad-Hoc|Any CPU.ActiveCfg = Debug|Any CPU
		{7D778248-264C-4B97-BA44-768351572C73}.Ad-Hoc|Any CPU.Build.0 = Debug|Any CPU
		{7D778248-264C-4B97-BA44-768351572C73}.Ad-Hoc|Any CPU.Deploy.0 = Debug|Any CPU
		{7D778248-264C-4B97-BA44-768351572C73}.Ad-Hoc|ARM.ActiveCfg = Debug|Any CPU
		{7D778248-264C-4B97-BA44-768351572C73}.Ad-Hoc|ARM.Build.0 = Debug|Any CPU
		{7D778248-264C-4B97-BA44-768351572C73}.Ad-Hoc|ARM.Deploy.0 = Debug|Any CPU
		{7D778248-264C-4B97-BA44-768351572C73}.Ad-Hoc|ARM64.ActiveCfg = Release|ARM64
		{7D778248-264C-4B97-BA44-768351572C73}.Ad-Hoc|ARM64.Build.0 = Release|ARM64
		{7D778248-264C-4B97-BA44-768351572C73}.Ad-Hoc|iPhone.ActiveCfg = Debug|Any CPU
		{7D778248-264C-4B97-BA44-768351572C73}.Ad-Hoc|iPhone.Build.0 = Debug|Any CPU
		{7D778248-264C-4B97-BA44-768351572C73}.Ad-Hoc|iPhone.Deploy.0 = Debug|Any CPU
		{7D778248-264C-4B97-BA44-768351572C73}.Ad-Hoc|iPhoneSimulator.ActiveCfg = Debug|Any CPU
		{7D778248-264C-4B97-BA44-768351572C73}.Ad-Hoc|iPhoneSimulator.Build.0 = Debug|Any CPU
		{7D778248-264C-4B97-BA44-768351572C73}.Ad-Hoc|iPhoneSimulator.Deploy.0 = Debug|Any CPU
		{7D778248-264C-4B97-BA44-768351572C73}.Ad-Hoc|x64.ActiveCfg = Debug|Any CPU
		{7D778248-264C-4B97-BA44-768351572C73}.Ad-Hoc|x64.Build.0 = Debug|Any CPU
		{7D778248-264C-4B97-BA44-768351572C73}.Ad-Hoc|x64.Deploy.0 = Debug|Any CPU
		{7D778248-264C-4B97-BA44-768351572C73}.Ad-Hoc|x86.ActiveCfg = Debug|Any CPU
		{7D778248-264C-4B97-BA44-768351572C73}.Ad-Hoc|x86.Build.0 = Debug|Any CPU
		{7D778248-264C-4B97-BA44-768351572C73}.Ad-Hoc|x86.Deploy.0 = Debug|Any CPU
		{7D778248-264C-4B97-BA44-768351572C73}.AppStore|Any CPU.ActiveCfg = Debug|Any CPU
		{7D778248-264C-4B97-BA44-768351572C73}.AppStore|Any CPU.Build.0 = Debug|Any CPU
		{7D778248-264C-4B97-BA44-768351572C73}.AppStore|Any CPU.Deploy.0 = Debug|Any CPU
		{7D778248-264C-4B97-BA44-768351572C73}.AppStore|ARM.ActiveCfg = Debug|Any CPU
		{7D778248-264C-4B97-BA44-768351572C73}.AppStore|ARM.Build.0 = Debug|Any CPU
		{7D778248-264C-4B97-BA44-768351572C73}.AppStore|ARM.Deploy.0 = Debug|Any CPU
		{7D778248-264C-4B97-BA44-768351572C73}.AppStore|ARM64.ActiveCfg = Release|ARM64
		{7D778248-264C-4B97-BA44-768351572C73}.AppStore|ARM64.Build.0 = Release|ARM64
		{7D778248-264C-4B97-BA44-768351572C73}.AppStore|iPhone.ActiveCfg = Debug|Any CPU
		{7D778248-264C-4B97-BA44-768351572C73}.AppStore|iPhone.Build.0 = Debug|Any CPU
		{7D778248-264C-4B97-BA44-768351572C73}.AppStore|iPhone.Deploy.0 = Debug|Any CPU
		{7D778248-264C-4B97-BA44-768351572C73}.AppStore|iPhoneSimulator.ActiveCfg = Debug|Any CPU
		{7D778248-264C-4B97-BA44-768351572C73}.AppStore|iPhoneSimulator.Build.0 = Debug|Any CPU
		{7D778248-264C-4B97-BA44-768351572C73}.AppStore|iPhoneSimulator.Deploy.0 = Debug|Any CPU
		{7D778248-264C-4B97-BA44-768351572C73}.AppStore|x64.ActiveCfg = Debug|Any CPU
		{7D778248-264C-4B97-BA44-768351572C73}.AppStore|x64.Build.0 = Debug|Any CPU
		{7D778248-264C-4B97-BA44-768351572C73}.AppStore|x64.Deploy.0 = Debug|Any CPU
		{7D778248-264C-4B97-BA44-768351572C73}.AppStore|x86.ActiveCfg = Debug|Any CPU
		{7D778248-264C-4B97-BA44-768351572C73}.AppStore|x86.Build.0 = Debug|Any CPU
		{7D778248-264C-4B97-BA44-768351572C73}.AppStore|x86.Deploy.0 = Debug|Any CPU
		{7D778248-264C-4B97-BA44-768351572C73}.Debug|Any CPU.ActiveCfg = Debug|Any CPU
		{7D778248-264C-4B97-BA44-768351572C73}.Debug|Any CPU.Build.0 = Debug|Any CPU
		{7D778248-264C-4B97-BA44-768351572C73}.Debug|Any CPU.Deploy.0 = Debug|Any CPU
		{7D778248-264C-4B97-BA44-768351572C73}.Debug|ARM.ActiveCfg = Debug|Any CPU
		{7D778248-264C-4B97-BA44-768351572C73}.Debug|ARM.Build.0 = Debug|Any CPU
		{7D778248-264C-4B97-BA44-768351572C73}.Debug|ARM.Deploy.0 = Debug|Any CPU
		{7D778248-264C-4B97-BA44-768351572C73}.Debug|ARM64.ActiveCfg = Debug|ARM64
		{7D778248-264C-4B97-BA44-768351572C73}.Debug|ARM64.Build.0 = Debug|ARM64
		{7D778248-264C-4B97-BA44-768351572C73}.Debug|ARM64.Deploy.0 = Debug|ARM64
		{7D778248-264C-4B97-BA44-768351572C73}.Debug|iPhone.ActiveCfg = Debug|Any CPU
		{7D778248-264C-4B97-BA44-768351572C73}.Debug|iPhone.Build.0 = Debug|Any CPU
		{7D778248-264C-4B97-BA44-768351572C73}.Debug|iPhone.Deploy.0 = Debug|Any CPU
		{7D778248-264C-4B97-BA44-768351572C73}.Debug|iPhoneSimulator.ActiveCfg = Debug|Any CPU
		{7D778248-264C-4B97-BA44-768351572C73}.Debug|iPhoneSimulator.Build.0 = Debug|Any CPU
		{7D778248-264C-4B97-BA44-768351572C73}.Debug|iPhoneSimulator.Deploy.0 = Debug|Any CPU
		{7D778248-264C-4B97-BA44-768351572C73}.Debug|x64.ActiveCfg = Debug|Any CPU
		{7D778248-264C-4B97-BA44-768351572C73}.Debug|x64.Build.0 = Debug|Any CPU
		{7D778248-264C-4B97-BA44-768351572C73}.Debug|x64.Deploy.0 = Debug|Any CPU
		{7D778248-264C-4B97-BA44-768351572C73}.Debug|x86.ActiveCfg = Debug|Any CPU
		{7D778248-264C-4B97-BA44-768351572C73}.Debug|x86.Build.0 = Debug|Any CPU
		{7D778248-264C-4B97-BA44-768351572C73}.Debug|x86.Deploy.0 = Debug|Any CPU
		{7D778248-264C-4B97-BA44-768351572C73}.Release|Any CPU.ActiveCfg = Release|Any CPU
		{7D778248-264C-4B97-BA44-768351572C73}.Release|Any CPU.Build.0 = Release|Any CPU
		{7D778248-264C-4B97-BA44-768351572C73}.Release|Any CPU.Deploy.0 = Release|Any CPU
		{7D778248-264C-4B97-BA44-768351572C73}.Release|ARM.ActiveCfg = Release|Any CPU
		{7D778248-264C-4B97-BA44-768351572C73}.Release|ARM.Build.0 = Release|Any CPU
		{7D778248-264C-4B97-BA44-768351572C73}.Release|ARM.Deploy.0 = Release|Any CPU
		{7D778248-264C-4B97-BA44-768351572C73}.Release|ARM64.ActiveCfg = Release|ARM64
		{7D778248-264C-4B97-BA44-768351572C73}.Release|ARM64.Build.0 = Release|ARM64
		{7D778248-264C-4B97-BA44-768351572C73}.Release|iPhone.ActiveCfg = Release|Any CPU
		{7D778248-264C-4B97-BA44-768351572C73}.Release|iPhone.Build.0 = Release|Any CPU
		{7D778248-264C-4B97-BA44-768351572C73}.Release|iPhone.Deploy.0 = Release|Any CPU
		{7D778248-264C-4B97-BA44-768351572C73}.Release|iPhoneSimulator.ActiveCfg = Release|Any CPU
		{7D778248-264C-4B97-BA44-768351572C73}.Release|iPhoneSimulator.Build.0 = Release|Any CPU
		{7D778248-264C-4B97-BA44-768351572C73}.Release|iPhoneSimulator.Deploy.0 = Release|Any CPU
		{7D778248-264C-4B97-BA44-768351572C73}.Release|x64.ActiveCfg = Release|Any CPU
		{7D778248-264C-4B97-BA44-768351572C73}.Release|x64.Build.0 = Release|Any CPU
		{7D778248-264C-4B97-BA44-768351572C73}.Release|x64.Deploy.0 = Release|Any CPU
		{7D778248-264C-4B97-BA44-768351572C73}.Release|x86.ActiveCfg = Release|Any CPU
		{7D778248-264C-4B97-BA44-768351572C73}.Release|x86.Build.0 = Release|Any CPU
		{7D778248-264C-4B97-BA44-768351572C73}.Release|x86.Deploy.0 = Release|Any CPU
		{10BE09E7-D049-4D32-9E98-E7AD64A63B43}.Ad-Hoc|Any CPU.ActiveCfg = Release|Any CPU
		{10BE09E7-D049-4D32-9E98-E7AD64A63B43}.Ad-Hoc|Any CPU.Build.0 = Release|Any CPU
		{10BE09E7-D049-4D32-9E98-E7AD64A63B43}.Ad-Hoc|ARM.ActiveCfg = Release|Any CPU
		{10BE09E7-D049-4D32-9E98-E7AD64A63B43}.Ad-Hoc|ARM.Build.0 = Release|Any CPU
		{10BE09E7-D049-4D32-9E98-E7AD64A63B43}.Ad-Hoc|ARM64.ActiveCfg = Release|Any CPU
		{10BE09E7-D049-4D32-9E98-E7AD64A63B43}.Ad-Hoc|ARM64.Build.0 = Release|Any CPU
		{10BE09E7-D049-4D32-9E98-E7AD64A63B43}.Ad-Hoc|iPhone.ActiveCfg = Release|Any CPU
		{10BE09E7-D049-4D32-9E98-E7AD64A63B43}.Ad-Hoc|iPhone.Build.0 = Release|Any CPU
		{10BE09E7-D049-4D32-9E98-E7AD64A63B43}.Ad-Hoc|iPhoneSimulator.ActiveCfg = Release|Any CPU
		{10BE09E7-D049-4D32-9E98-E7AD64A63B43}.Ad-Hoc|iPhoneSimulator.Build.0 = Release|Any CPU
		{10BE09E7-D049-4D32-9E98-E7AD64A63B43}.Ad-Hoc|x64.ActiveCfg = Release|Any CPU
		{10BE09E7-D049-4D32-9E98-E7AD64A63B43}.Ad-Hoc|x64.Build.0 = Release|Any CPU
		{10BE09E7-D049-4D32-9E98-E7AD64A63B43}.Ad-Hoc|x86.ActiveCfg = Release|Any CPU
		{10BE09E7-D049-4D32-9E98-E7AD64A63B43}.Ad-Hoc|x86.Build.0 = Release|Any CPU
		{10BE09E7-D049-4D32-9E98-E7AD64A63B43}.AppStore|Any CPU.ActiveCfg = Release|Any CPU
		{10BE09E7-D049-4D32-9E98-E7AD64A63B43}.AppStore|Any CPU.Build.0 = Release|Any CPU
		{10BE09E7-D049-4D32-9E98-E7AD64A63B43}.AppStore|ARM.ActiveCfg = Release|Any CPU
		{10BE09E7-D049-4D32-9E98-E7AD64A63B43}.AppStore|ARM.Build.0 = Release|Any CPU
		{10BE09E7-D049-4D32-9E98-E7AD64A63B43}.AppStore|ARM64.ActiveCfg = Release|Any CPU
		{10BE09E7-D049-4D32-9E98-E7AD64A63B43}.AppStore|ARM64.Build.0 = Release|Any CPU
		{10BE09E7-D049-4D32-9E98-E7AD64A63B43}.AppStore|iPhone.ActiveCfg = Release|Any CPU
		{10BE09E7-D049-4D32-9E98-E7AD64A63B43}.AppStore|iPhone.Build.0 = Release|Any CPU
		{10BE09E7-D049-4D32-9E98-E7AD64A63B43}.AppStore|iPhoneSimulator.ActiveCfg = Release|Any CPU
		{10BE09E7-D049-4D32-9E98-E7AD64A63B43}.AppStore|iPhoneSimulator.Build.0 = Release|Any CPU
		{10BE09E7-D049-4D32-9E98-E7AD64A63B43}.AppStore|x64.ActiveCfg = Release|Any CPU
		{10BE09E7-D049-4D32-9E98-E7AD64A63B43}.AppStore|x64.Build.0 = Release|Any CPU
		{10BE09E7-D049-4D32-9E98-E7AD64A63B43}.AppStore|x86.ActiveCfg = Release|Any CPU
		{10BE09E7-D049-4D32-9E98-E7AD64A63B43}.AppStore|x86.Build.0 = Release|Any CPU
		{10BE09E7-D049-4D32-9E98-E7AD64A63B43}.Debug|Any CPU.ActiveCfg = Debug|Any CPU
		{10BE09E7-D049-4D32-9E98-E7AD64A63B43}.Debug|Any CPU.Build.0 = Debug|Any CPU
		{10BE09E7-D049-4D32-9E98-E7AD64A63B43}.Debug|ARM.ActiveCfg = Debug|Any CPU
		{10BE09E7-D049-4D32-9E98-E7AD64A63B43}.Debug|ARM.Build.0 = Debug|Any CPU
		{10BE09E7-D049-4D32-9E98-E7AD64A63B43}.Debug|ARM64.ActiveCfg = Debug|Any CPU
		{10BE09E7-D049-4D32-9E98-E7AD64A63B43}.Debug|ARM64.Build.0 = Debug|Any CPU
		{10BE09E7-D049-4D32-9E98-E7AD64A63B43}.Debug|iPhone.ActiveCfg = Debug|Any CPU
		{10BE09E7-D049-4D32-9E98-E7AD64A63B43}.Debug|iPhone.Build.0 = Debug|Any CPU
		{10BE09E7-D049-4D32-9E98-E7AD64A63B43}.Debug|iPhoneSimulator.ActiveCfg = Debug|Any CPU
		{10BE09E7-D049-4D32-9E98-E7AD64A63B43}.Debug|iPhoneSimulator.Build.0 = Debug|Any CPU
		{10BE09E7-D049-4D32-9E98-E7AD64A63B43}.Debug|x64.ActiveCfg = Debug|Any CPU
		{10BE09E7-D049-4D32-9E98-E7AD64A63B43}.Debug|x64.Build.0 = Debug|Any CPU
		{10BE09E7-D049-4D32-9E98-E7AD64A63B43}.Debug|x86.ActiveCfg = Debug|Any CPU
		{10BE09E7-D049-4D32-9E98-E7AD64A63B43}.Debug|x86.Build.0 = Debug|Any CPU
		{10BE09E7-D049-4D32-9E98-E7AD64A63B43}.Release|Any CPU.ActiveCfg = Release|Any CPU
		{10BE09E7-D049-4D32-9E98-E7AD64A63B43}.Release|Any CPU.Build.0 = Release|Any CPU
		{10BE09E7-D049-4D32-9E98-E7AD64A63B43}.Release|ARM.ActiveCfg = Release|Any CPU
		{10BE09E7-D049-4D32-9E98-E7AD64A63B43}.Release|ARM.Build.0 = Release|Any CPU
		{10BE09E7-D049-4D32-9E98-E7AD64A63B43}.Release|ARM64.ActiveCfg = Release|Any CPU
		{10BE09E7-D049-4D32-9E98-E7AD64A63B43}.Release|ARM64.Build.0 = Release|Any CPU
		{10BE09E7-D049-4D32-9E98-E7AD64A63B43}.Release|iPhone.ActiveCfg = Release|Any CPU
		{10BE09E7-D049-4D32-9E98-E7AD64A63B43}.Release|iPhone.Build.0 = Release|Any CPU
		{10BE09E7-D049-4D32-9E98-E7AD64A63B43}.Release|iPhoneSimulator.ActiveCfg = Release|Any CPU
		{10BE09E7-D049-4D32-9E98-E7AD64A63B43}.Release|iPhoneSimulator.Build.0 = Release|Any CPU
		{10BE09E7-D049-4D32-9E98-E7AD64A63B43}.Release|x64.ActiveCfg = Release|Any CPU
		{10BE09E7-D049-4D32-9E98-E7AD64A63B43}.Release|x64.Build.0 = Release|Any CPU
		{10BE09E7-D049-4D32-9E98-E7AD64A63B43}.Release|x86.ActiveCfg = Release|Any CPU
		{10BE09E7-D049-4D32-9E98-E7AD64A63B43}.Release|x86.Build.0 = Release|Any CPU
		{9C79A8EB-6094-78B1-1E3D-2684B3DCA2D3}.Ad-Hoc|Any CPU.ActiveCfg = Release|x64
		{9C79A8EB-6094-78B1-1E3D-2684B3DCA2D3}.Ad-Hoc|Any CPU.Build.0 = Release|x64
		{9C79A8EB-6094-78B1-1E3D-2684B3DCA2D3}.Ad-Hoc|ARM.ActiveCfg = Release|x64
		{9C79A8EB-6094-78B1-1E3D-2684B3DCA2D3}.Ad-Hoc|ARM.Build.0 = Release|x64
		{9C79A8EB-6094-78B1-1E3D-2684B3DCA2D3}.Ad-Hoc|ARM64.ActiveCfg = Release|ARM64
		{9C79A8EB-6094-78B1-1E3D-2684B3DCA2D3}.Ad-Hoc|ARM64.Build.0 = Release|ARM64
		{9C79A8EB-6094-78B1-1E3D-2684B3DCA2D3}.Ad-Hoc|iPhone.ActiveCfg = Release|x64
		{9C79A8EB-6094-78B1-1E3D-2684B3DCA2D3}.Ad-Hoc|iPhone.Build.0 = Release|x64
		{9C79A8EB-6094-78B1-1E3D-2684B3DCA2D3}.Ad-Hoc|iPhoneSimulator.ActiveCfg = Release|x64
		{9C79A8EB-6094-78B1-1E3D-2684B3DCA2D3}.Ad-Hoc|iPhoneSimulator.Build.0 = Release|x64
		{9C79A8EB-6094-78B1-1E3D-2684B3DCA2D3}.Ad-Hoc|x64.ActiveCfg = Release|x64
		{9C79A8EB-6094-78B1-1E3D-2684B3DCA2D3}.Ad-Hoc|x64.Build.0 = Release|x64
		{9C79A8EB-6094-78B1-1E3D-2684B3DCA2D3}.Ad-Hoc|x86.ActiveCfg = Release|x64
		{9C79A8EB-6094-78B1-1E3D-2684B3DCA2D3}.Ad-Hoc|x86.Build.0 = Release|x64
		{9C79A8EB-6094-78B1-1E3D-2684B3DCA2D3}.AppStore|Any CPU.ActiveCfg = Release|x64
		{9C79A8EB-6094-78B1-1E3D-2684B3DCA2D3}.AppStore|Any CPU.Build.0 = Release|x64
		{9C79A8EB-6094-78B1-1E3D-2684B3DCA2D3}.AppStore|ARM.ActiveCfg = Release|x64
		{9C79A8EB-6094-78B1-1E3D-2684B3DCA2D3}.AppStore|ARM.Build.0 = Release|x64
		{9C79A8EB-6094-78B1-1E3D-2684B3DCA2D3}.AppStore|ARM64.ActiveCfg = Release|ARM64
		{9C79A8EB-6094-78B1-1E3D-2684B3DCA2D3}.AppStore|ARM64.Build.0 = Release|ARM64
		{9C79A8EB-6094-78B1-1E3D-2684B3DCA2D3}.AppStore|iPhone.ActiveCfg = Release|x64
		{9C79A8EB-6094-78B1-1E3D-2684B3DCA2D3}.AppStore|iPhone.Build.0 = Release|x64
		{9C79A8EB-6094-78B1-1E3D-2684B3DCA2D3}.AppStore|iPhoneSimulator.ActiveCfg = Release|x64
		{9C79A8EB-6094-78B1-1E3D-2684B3DCA2D3}.AppStore|iPhoneSimulator.Build.0 = Release|x64
		{9C79A8EB-6094-78B1-1E3D-2684B3DCA2D3}.AppStore|x64.ActiveCfg = Release|x64
		{9C79A8EB-6094-78B1-1E3D-2684B3DCA2D3}.AppStore|x64.Build.0 = Release|x64
		{9C79A8EB-6094-78B1-1E3D-2684B3DCA2D3}.AppStore|x86.ActiveCfg = Release|x64
		{9C79A8EB-6094-78B1-1E3D-2684B3DCA2D3}.AppStore|x86.Build.0 = Release|x64
		{9C79A8EB-6094-78B1-1E3D-2684B3DCA2D3}.Debug|Any CPU.ActiveCfg = Debug|x64
		{9C79A8EB-6094-78B1-1E3D-2684B3DCA2D3}.Debug|Any CPU.Build.0 = Debug|x64
		{9C79A8EB-6094-78B1-1E3D-2684B3DCA2D3}.Debug|ARM.ActiveCfg = Debug|x64
		{9C79A8EB-6094-78B1-1E3D-2684B3DCA2D3}.Debug|ARM.Build.0 = Debug|x64
		{9C79A8EB-6094-78B1-1E3D-2684B3DCA2D3}.Debug|ARM64.ActiveCfg = Debug|ARM64
		{9C79A8EB-6094-78B1-1E3D-2684B3DCA2D3}.Debug|ARM64.Build.0 = Debug|ARM64
		{9C79A8EB-6094-78B1-1E3D-2684B3DCA2D3}.Debug|iPhone.ActiveCfg = Debug|x64
		{9C79A8EB-6094-78B1-1E3D-2684B3DCA2D3}.Debug|iPhone.Build.0 = Debug|x64
		{9C79A8EB-6094-78B1-1E3D-2684B3DCA2D3}.Debug|iPhoneSimulator.ActiveCfg = Debug|x64
		{9C79A8EB-6094-78B1-1E3D-2684B3DCA2D3}.Debug|iPhoneSimulator.Build.0 = Debug|x64
		{9C79A8EB-6094-78B1-1E3D-2684B3DCA2D3}.Debug|x64.ActiveCfg = Debug|x64
		{9C79A8EB-6094-78B1-1E3D-2684B3DCA2D3}.Debug|x64.Build.0 = Debug|x64
		{9C79A8EB-6094-78B1-1E3D-2684B3DCA2D3}.Debug|x86.ActiveCfg = Debug|x64
		{9C79A8EB-6094-78B1-1E3D-2684B3DCA2D3}.Debug|x86.Build.0 = Debug|x64
		{9C79A8EB-6094-78B1-1E3D-2684B3DCA2D3}.Release|Any CPU.ActiveCfg = Release|x64
		{9C79A8EB-6094-78B1-1E3D-2684B3DCA2D3}.Release|Any CPU.Build.0 = Release|x64
		{9C79A8EB-6094-78B1-1E3D-2684B3DCA2D3}.Release|ARM.ActiveCfg = Release|x64
		{9C79A8EB-6094-78B1-1E3D-2684B3DCA2D3}.Release|ARM.Build.0 = Release|x64
		{9C79A8EB-6094-78B1-1E3D-2684B3DCA2D3}.Release|ARM64.ActiveCfg = Release|ARM64
		{9C79A8EB-6094-78B1-1E3D-2684B3DCA2D3}.Release|ARM64.Build.0 = Release|ARM64
		{9C79A8EB-6094-78B1-1E3D-2684B3DCA2D3}.Release|iPhone.ActiveCfg = Release|x64
		{9C79A8EB-6094-78B1-1E3D-2684B3DCA2D3}.Release|iPhone.Build.0 = Release|x64
		{9C79A8EB-6094-78B1-1E3D-2684B3DCA2D3}.Release|iPhoneSimulator.ActiveCfg = Release|x64
		{9C79A8EB-6094-78B1-1E3D-2684B3DCA2D3}.Release|iPhoneSimulator.Build.0 = Release|x64
		{9C79A8EB-6094-78B1-1E3D-2684B3DCA2D3}.Release|x64.ActiveCfg = Release|x64
		{9C79A8EB-6094-78B1-1E3D-2684B3DCA2D3}.Release|x64.Build.0 = Release|x64
		{9C79A8EB-6094-78B1-1E3D-2684B3DCA2D3}.Release|x86.ActiveCfg = Release|x64
		{9C79A8EB-6094-78B1-1E3D-2684B3DCA2D3}.Release|x86.Build.0 = Release|x64
	EndGlobalSection
	GlobalSection(SolutionProperties) = preSolution
		HideSolutionNode = FALSE
	EndGlobalSection
	GlobalSection(ExtensibilityGlobals) = postSolution
		SolutionGuid = {D57CD06A-ABBE-455A-A97A-41AB9C223FE5}
	EndGlobalSection
EndGlobal
